
Microsoft Visual Studio Solution File, Format Version 12.00
# Visual Studio 15
VisualStudioVersion = 15.0.26430.14
MinimumVisualStudioVersion = 10.0.40219.1
Project("{FAE04EC0-301F-11D3-BF4B-00C04F79EFBC}") = "TestDebugging2018", "TestDebugging2018\TestDebugging2018.csproj", "{D8BF4396-6F39-4FBA-8289-FB16213860A9}"
EndProject
Project("{FAE04EC0-301F-11D3-BF4B-00C04F79EFBC}") = "ProjectTests", "ProjectTests\ProjectTests.csproj", "{40D5B8D7-20A8-44B5-B2FF-727C77E992DC}"
EndProject
Global
	GlobalSection(SolutionConfigurationPlatforms) = preSolution
		Debug|Any CPU = Debug|Any CPU
		Release|Any CPU = Release|Any CPU
	EndGlobalSection
	GlobalSection(ProjectConfigurationPlatforms) = postSolution
		{D8BF4396-6F39-4FBA-8289-FB16213860A9}.Debug|Any CPU.ActiveCfg = Debug|Any CPU
		{D8BF4396-6F39-4FBA-8289-FB16213860A9}.Debug|Any CPU.Build.0 = Debug|Any CPU
		{D8BF4396-6F39-4FBA-8289-FB16213860A9}.Release|Any CPU.ActiveCfg = Release|Any CPU
		{D8BF4396-6F39-4FBA-8289-FB16213860A9}.Release|Any CPU.Build.0 = Release|Any CPU
		{40D5B8D7-20A8-44B5-B2FF-727C77E992DC}.Debug|Any CPU.ActiveCfg = Debug|Any CPU
		{40D5B8D7-20A8-44B5-B2FF-727C77E992DC}.Debug|Any CPU.Build.0 = Debug|Any CPU
		{40D5B8D7-20A8-44B5-B2FF-727C77E992DC}.Release|Any CPU.ActiveCfg = Release|Any CPU
		{40D5B8D7-20A8-44B5-B2FF-727C77E992DC}.Release|Any CPU.Build.0 = Release|Any CPU
	EndGlobalSection
	GlobalSection(SolutionProperties) = preSolution
		HideSolutionNode = FALSE
	EndGlobalSection
EndGlobal
